
Microsoft Visual Studio Solution File, Format Version 12.00
# Visual Studio 15
VisualStudioVersion = 15.0.27703.2035
MinimumVisualStudioVersion = 10.0.40219.1
Project("{FAE04EC0-301F-11D3-BF4B-00C04F79EFBC}") = "BGames.Domain", "BGames\BGames.Domain.csproj", "{253B581B-FD5C-49F6-9AEF-EA53F85F2982}"
EndProject
Project("{FAE04EC0-301F-11D3-BF4B-00C04F79EFBC}") = "BGames.Infra", "BGames.Infra\BGames.Infra.csproj", "{A95FC711-2EDC-4FD3-AD88-4CCEDB681ED3}"
EndProject
Project("{FAE04EC0-301F-11D3-BF4B-00C04F79EFBC}") = "BGames.IoC", "BGames.IoC\BGames.IoC.csproj", "{5CF3B86D-534A-48C0-9811-53D390113574}"
EndProject
Project("{FAE04EC0-301F-11D3-BF4B-00C04F79EFBC}") = "BGames.Api", "BGames.Api\BGames.Api.csproj", "{1C00CA4F-5CEF-4AFD-B168-E49AE171D3F1}"
EndProject
Global
	GlobalSection(SolutionConfigurationPlatforms) = preSolution
		Debug|Any CPU = Debug|Any CPU
		Debug|ARM = Debug|ARM
		Debug|x64 = Debug|x64
		Debug|x86 = Debug|x86
		Release|Any CPU = Release|Any CPU
		Release|ARM = Release|ARM
		Release|x64 = Release|x64
		Release|x86 = Release|x86
	EndGlobalSection
	GlobalSection(ProjectConfigurationPlatforms) = postSolution
		{253B581B-FD5C-49F6-9AEF-EA53F85F2982}.Debug|Any CPU.ActiveCfg = Debug|Any CPU
		{253B581B-FD5C-49F6-9AEF-EA53F85F2982}.Debug|Any CPU.Build.0 = Debug|Any CPU
		{253B581B-FD5C-49F6-9AEF-EA53F85F2982}.Debug|ARM.ActiveCfg = Debug|Any CPU
		{253B581B-FD5C-49F6-9AEF-EA53F85F2982}.Debug|ARM.Build.0 = Debug|Any CPU
		{253B581B-FD5C-49F6-9AEF-EA53F85F2982}.Debug|x64.ActiveCfg = Debug|Any CPU
		{253B581B-FD5C-49F6-9AEF-EA53F85F2982}.Debug|x64.Build.0 = Debug|Any CPU
		{253B581B-FD5C-49F6-9AEF-EA53F85F2982}.Debug|x86.ActiveCfg = Debug|Any CPU
		{253B581B-FD5C-49F6-9AEF-EA53F85F2982}.Debug|x86.Build.0 = Debug|Any CPU
		{253B581B-FD5C-49F6-9AEF-EA53F85F2982}.Release|Any CPU.ActiveCfg = Release|Any CPU
		{253B581B-FD5C-49F6-9AEF-EA53F85F2982}.Release|Any CPU.Build.0 = Release|Any CPU
		{253B581B-FD5C-49F6-9AEF-EA53F85F2982}.Release|ARM.ActiveCfg = Release|Any CPU
		{253B581B-FD5C-49F6-9AEF-EA53F85F2982}.Release|ARM.Build.0 = Release|Any CPU
		{253B581B-FD5C-49F6-9AEF-EA53F85F2982}.Release|x64.ActiveCfg = Release|Any CPU
		{253B581B-FD5C-49F6-9AEF-EA53F85F2982}.Release|x64.Build.0 = Release|Any CPU
		{253B581B-FD5C-49F6-9AEF-EA53F85F2982}.Release|x86.ActiveCfg = Release|Any CPU
		{253B581B-FD5C-49F6-9AEF-EA53F85F2982}.Release|x86.Build.0 = Release|Any CPU
		{A95FC711-2EDC-4FD3-AD88-4CCEDB681ED3}.Debug|Any CPU.ActiveCfg = Debug|Any CPU
		{A95FC711-2EDC-4FD3-AD88-4CCEDB681ED3}.Debug|Any CPU.Build.0 = Debug|Any CPU
		{A95FC711-2EDC-4FD3-AD88-4CCEDB681ED3}.Debug|ARM.ActiveCfg = Debug|Any CPU
		{A95FC711-2EDC-4FD3-AD88-4CCEDB681ED3}.Debug|ARM.Build.0 = Debug|Any CPU
		{A95FC711-2EDC-4FD3-AD88-4CCEDB681ED3}.Debug|x64.ActiveCfg = Debug|Any CPU
		{A95FC711-2EDC-4FD3-AD88-4CCEDB681ED3}.Debug|x64.Build.0 = Debug|Any CPU
		{A95FC711-2EDC-4FD3-AD88-4CCEDB681ED3}.Debug|x86.ActiveCfg = Debug|Any CPU
		{A95FC711-2EDC-4FD3-AD88-4CCEDB681ED3}.Debug|x86.Build.0 = Debug|Any CPU
		{A95FC711-2EDC-4FD3-AD88-4CCEDB681ED3}.Release|Any CPU.ActiveCfg = Release|Any CPU
		{A95FC711-2EDC-4FD3-AD88-4CCEDB681ED3}.Release|Any CPU.Build.0 = Release|Any CPU
		{A95FC711-2EDC-4FD3-AD88-4CCEDB681ED3}.Release|ARM.ActiveCfg = Release|Any CPU
		{A95FC711-2EDC-4FD3-AD88-4CCEDB681ED3}.Release|ARM.Build.0 = Release|Any CPU
		{A95FC711-2EDC-4FD3-AD88-4CCEDB681ED3}.Release|x64.ActiveCfg = Release|Any CPU
		{A95FC711-2EDC-4FD3-AD88-4CCEDB681ED3}.Release|x64.Build.0 = Release|Any CPU
		{A95FC711-2EDC-4FD3-AD88-4CCEDB681ED3}.Release|x86.ActiveCfg = Release|Any CPU
		{A95FC711-2EDC-4FD3-AD88-4CCEDB681ED3}.Release|x86.Build.0 = Release|Any CPU
		{5CF3B86D-534A-48C0-9811-53D390113574}.Debug|Any CPU.ActiveCfg = Debug|Any CPU
		{5CF3B86D-534A-48C0-9811-53D390113574}.Debug|Any CPU.Build.0 = Debug|Any CPU
		{5CF3B86D-534A-48C0-9811-53D390113574}.Debug|ARM.ActiveCfg = Debug|Any CPU
		{5CF3B86D-534A-48C0-9811-53D390113574}.Debug|ARM.Build.0 = Debug|Any CPU
		{5CF3B86D-534A-48C0-9811-53D390113574}.Debug|x64.ActiveCfg = Debug|Any CPU
		{5CF3B86D-534A-48C0-9811-53D390113574}.Debug|x64.Build.0 = Debug|Any CPU
		{5CF3B86D-534A-48C0-9811-53D390113574}.Debug|x86.ActiveCfg = Debug|Any CPU
		{5CF3B86D-534A-48C0-9811-53D390113574}.Debug|x86.Build.0 = Debug|Any CPU
		{5CF3B86D-534A-48C0-9811-53D390113574}.Release|Any CPU.ActiveCfg = Release|Any CPU
		{5CF3B86D-534A-48C0-9811-53D390113574}.Release|Any CPU.Build.0 = Release|Any CPU
		{5CF3B86D-534A-48C0-9811-53D390113574}.Release|ARM.ActiveCfg = Release|Any CPU
		{5CF3B86D-534A-48C0-9811-53D390113574}.Release|ARM.Build.0 = Release|Any CPU
		{5CF3B86D-534A-48C0-9811-53D390113574}.Release|x64.ActiveCfg = Release|Any CPU
		{5CF3B86D-534A-48C0-9811-53D390113574}.Release|x64.Build.0 = Release|Any CPU
		{5CF3B86D-534A-48C0-9811-53D390113574}.Release|x86.ActiveCfg = Release|Any CPU
		{5CF3B86D-534A-48C0-9811-53D390113574}.Release|x86.Build.0 = Release|Any CPU
		{1C00CA4F-5CEF-4AFD-B168-E49AE171D3F1}.Debug|Any CPU.ActiveCfg = Debug|Any CPU
		{1C00CA4F-5CEF-4AFD-B168-E49AE171D3F1}.Debug|Any CPU.Build.0 = Debug|Any CPU
		{1C00CA4F-5CEF-4AFD-B168-E49AE171D3F1}.Debug|ARM.ActiveCfg = Debug|Any CPU
		{1C00CA4F-5CEF-4AFD-B168-E49AE171D3F1}.Debug|ARM.Build.0 = Debug|Any CPU
		{1C00CA4F-5CEF-4AFD-B168-E49AE171D3F1}.Debug|x64.ActiveCfg = Debug|Any CPU
		{1C00CA4F-5CEF-4AFD-B168-E49AE171D3F1}.Debug|x64.Build.0 = Debug|Any CPU
		{1C00CA4F-5CEF-4AFD-B168-E49AE171D3F1}.Debug|x86.ActiveCfg = Debug|Any CPU
		{1C00CA4F-5CEF-4AFD-B168-E49AE171D3F1}.Debug|x86.Build.0 = Debug|Any CPU
		{1C00CA4F-5CEF-4AFD-B168-E49AE171D3F1}.Release|Any CPU.ActiveCfg = Release|Any CPU
		{1C00CA4F-5CEF-4AFD-B168-E49AE171D3F1}.Release|Any CPU.Build.0 = Release|Any CPU
		{1C00CA4F-5CEF-4AFD-B168-E49AE171D3F1}.Release|ARM.ActiveCfg = Release|Any CPU
		{1C00CA4F-5CEF-4AFD-B168-E49AE171D3F1}.Release|ARM.Build.0 = Release|Any CPU
		{1C00CA4F-5CEF-4AFD-B168-E49AE171D3F1}.Release|x64.ActiveCfg = Release|Any CPU
		{1C00CA4F-5CEF-4AFD-B168-E49AE171D3F1}.Release|x64.Build.0 = Release|Any CPU
		{1C00CA4F-5CEF-4AFD-B168-E49AE171D3F1}.Release|x86.ActiveCfg = Release|Any CPU
		{1C00CA4F-5CEF-4AFD-B168-E49AE171D3F1}.Release|x86.Build.0 = Release|Any CPU
	EndGlobalSection
	GlobalSection(SolutionProperties) = preSolution
		HideSolutionNode = FALSE
	EndGlobalSection
	GlobalSection(ExtensibilityGlobals) = postSolution
		SolutionGuid = {FF7C4EC2-0CA9-44E3-8B58-562AA8B7C46D}
	EndGlobalSection
EndGlobal
